// !$*UTF8*$!
{
	archiveVersion = 1;
	classes = {
	};
	objectVersion = 60;
	objects = {

/* Begin PBXBuildFile section */
		EE0296912B42F622001D60B1 /* +isHidden.swift in Sources */ = {isa = PBXBuildFile; fileRef = EE0296902B42F622001D60B1 /* +isHidden.swift */; };
		EE0296942B42FE02001D60B1 /* SearchTextField.swift in Sources */ = {isa = PBXBuildFile; fileRef = EE0296932B42FE02001D60B1 /* SearchTextField.swift */; };
		EE0296972B432010001D60B1 /* MeditationSessionCell.swift in Sources */ = {isa = PBXBuildFile; fileRef = EE0296962B432010001D60B1 /* MeditationSessionCell.swift */; };
		EE0296992B43202B001D60B1 /* MeditationSessionStyle.swift in Sources */ = {isa = PBXBuildFile; fileRef = EE0296982B43202B001D60B1 /* MeditationSessionStyle.swift */; };
		EE02969C2B432075001D60B1 /* SuggestedMeditationSessionStyle.swift in Sources */ = {isa = PBXBuildFile; fileRef = EE02969B2B432075001D60B1 /* SuggestedMeditationSessionStyle.swift */; };
		EE02969E2B432108001D60B1 /* DefaultMeditationSessionStyle.swift in Sources */ = {isa = PBXBuildFile; fileRef = EE02969D2B432108001D60B1 /* DefaultMeditationSessionStyle.swift */; };
		EE0296A12B4322C0001D60B1 /* MeditationDefaultSection.swift in Sources */ = {isa = PBXBuildFile; fileRef = EE0296A02B4322C0001D60B1 /* MeditationDefaultSection.swift */; };
		EE0296A32B43240D001D60B1 /* TrendingMeditationSessionStyle.swift in Sources */ = {isa = PBXBuildFile; fileRef = EE0296A22B43240D001D60B1 /* TrendingMeditationSessionStyle.swift */; };
		EE0664262B3B380200D3D414 /* PrimaryTextField.swift in Sources */ = {isa = PBXBuildFile; fileRef = EE0664252B3B380200D3D414 /* PrimaryTextField.swift */; };
		EE066BE82B345C840089AD20 /* UIImage+featch.swift in Sources */ = {isa = PBXBuildFile; fileRef = EE066BE72B345C840089AD20 /* UIImage+featch.swift */; };
		EE066BEB2B34707E0089AD20 /* AsyncImageStyle.swift in Sources */ = {isa = PBXBuildFile; fileRef = EE066BEA2B34707E0089AD20 /* AsyncImageStyle.swift */; };
		EE066BEE2B3471460089AD20 /* PromoImage.swift in Sources */ = {isa = PBXBuildFile; fileRef = EE066BED2B3471460089AD20 /* PromoImage.swift */; };
		EE066BF02B348E350089AD20 /* PaginationView.swift in Sources */ = {isa = PBXBuildFile; fileRef = EE066BEF2B348E350089AD20 /* PaginationView.swift */; };
		EE066BF32B348F310089AD20 /* PaginationStyle.swift in Sources */ = {isa = PBXBuildFile; fileRef = EE066BF22B348F310089AD20 /* PaginationStyle.swift */; };
		EE066BF62B348F810089AD20 /* CapsulePaginationStyle.swift in Sources */ = {isa = PBXBuildFile; fileRef = EE066BF52B348F810089AD20 /* CapsulePaginationStyle.swift */; };
		EE066BF82B348F9C0089AD20 /* CirclePaginationStyle.swift in Sources */ = {isa = PBXBuildFile; fileRef = EE066BF72B348F9C0089AD20 /* CirclePaginationStyle.swift */; };
		EE235E0E2B33794900A74271 /* ClarityApp.swift in Sources */ = {isa = PBXBuildFile; fileRef = EE235E0D2B33794900A74271 /* ClarityApp.swift */; };
		EE235E122B33794A00A74271 /* Assets.xcassets in Resources */ = {isa = PBXBuildFile; fileRef = EE235E112B33794A00A74271 /* Assets.xcassets */; };
		EE235E1C2B337A4300A74271 /* Colors.xcassets in Resources */ = {isa = PBXBuildFile; fileRef = EE235E1B2B337A4300A74271 /* Colors.xcassets */; };
		EE235E222B3386D900A74271 /* Font+Style.swift in Sources */ = {isa = PBXBuildFile; fileRef = EE235E212B3386D900A74271 /* Font+Style.swift */; };
		EE235E262B3386F400A74271 /* .swiftlint.yml in Resources */ = {isa = PBXBuildFile; fileRef = EE235E242B3386F400A74271 /* .swiftlint.yml */; };
		EE235E272B3386F400A74271 /* swiftgen.yml in Resources */ = {isa = PBXBuildFile; fileRef = EE235E252B3386F400A74271 /* swiftgen.yml */; };
		EE235E2A2B33871800A74271 /* Localizable.strings in Resources */ = {isa = PBXBuildFile; fileRef = EE235E2C2B33871800A74271 /* Localizable.strings */; };
		EE235E322B3387AE00A74271 /* Strings+Generated.swift in Sources */ = {isa = PBXBuildFile; fileRef = EE235E312B3387AE00A74271 /* Strings+Generated.swift */; };
		EE235E362B33890F00A74271 /* SFPRODISPLAY-MEDIUM.OTF in Resources */ = {isa = PBXBuildFile; fileRef = EE235E352B33890F00A74271 /* SFPRODISPLAY-MEDIUM.OTF */; };
		EE235E382B33892400A74271 /* SFPRODISPLAY-REGULAR.OTF in Resources */ = {isa = PBXBuildFile; fileRef = EE235E372B33892400A74271 /* SFPRODISPLAY-REGULAR.OTF */; };
		EE235E3C2B338A6F00A74271 /* SFPRODISPLAY-BOLD.OTF in Resources */ = {isa = PBXBuildFile; fileRef = EE235E3B2B338A6F00A74271 /* SFPRODISPLAY-BOLD.OTF */; };
		EE235E3D2B338AAD00A74271 /* SFPRODISPLAY-SEMIBOLD.OTF in Resources */ = {isa = PBXBuildFile; fileRef = EE235E392B33895A00A74271 /* SFPRODISPLAY-SEMIBOLD.OTF */; };
		EE235E412B33A2DA00A74271 /* PrimaryButton.swift in Sources */ = {isa = PBXBuildFile; fileRef = EE235E402B33A2DA00A74271 /* PrimaryButton.swift */; };
		EE25F37B2B3713720090DA3B /* User.swift in Sources */ = {isa = PBXBuildFile; fileRef = EE25F37A2B3713720090DA3B /* User.swift */; };
		EE25F37E2B3715C60090DA3B /* AppRouter.swift in Sources */ = {isa = PBXBuildFile; fileRef = EE25F37D2B3715C60090DA3B /* AppRouter.swift */; };
		EE25F3832B371EBE0090DA3B /* HomeView.swift in Sources */ = {isa = PBXBuildFile; fileRef = EE25F3812B371EBE0090DA3B /* HomeView.swift */; };
		EE25F3842B371EBE0090DA3B /* HomeViewModel.swift in Sources */ = {isa = PBXBuildFile; fileRef = EE25F3822B371EBE0090DA3B /* HomeViewModel.swift */; };
		EE25F3872B372A5E0090DA3B /* UserStoringManager.swift in Sources */ = {isa = PBXBuildFile; fileRef = EE25F3862B372A5E0090DA3B /* UserStoringManager.swift */; };
		EE25F38A2B3739880090DA3B /* IntroView.swift in Sources */ = {isa = PBXBuildFile; fileRef = EE25F3892B3739880090DA3B /* IntroView.swift */; };
		EE25F38C2B373A660090DA3B /* SplashView.swift in Sources */ = {isa = PBXBuildFile; fileRef = EE25F38B2B373A660090DA3B /* SplashView.swift */; };
		EE25F38F2B3741D00090DA3B /* TermsConditionsView.swift in Sources */ = {isa = PBXBuildFile; fileRef = EE25F38E2B3741D00090DA3B /* TermsConditionsView.swift */; };
		EE28F9572B440F2E00B99B02 /* BreathingMeditationSessionStyle.swift in Sources */ = {isa = PBXBuildFile; fileRef = EE28F9562B440F2E00B99B02 /* BreathingMeditationSessionStyle.swift */; };
		EE28F9592B4410FA00B99B02 /* BreathingMeditationSection.swift in Sources */ = {isa = PBXBuildFile; fileRef = EE28F9582B4410FA00B99B02 /* BreathingMeditationSection.swift */; };
		EE28F95B2B441C8000B99B02 /* +navigationBarBackButtonImage.swift in Sources */ = {isa = PBXBuildFile; fileRef = EE28F95A2B441C8000B99B02 /* +navigationBarBackButtonImage.swift */; };
		EE2B166F2B34443B00C0A306 /* AppViewModel.swift in Sources */ = {isa = PBXBuildFile; fileRef = EE2B166E2B34443B00C0A306 /* AppViewModel.swift */; };
		EE2B16732B34497600C0A306 /* +applyPrimaryDesign.swift in Sources */ = {isa = PBXBuildFile; fileRef = EE2B16722B34497600C0A306 /* +applyPrimaryDesign.swift */; };
		EE2B16792B344BDD00C0A306 /* PromoView.swift in Sources */ = {isa = PBXBuildFile; fileRef = EE2B16772B344BDD00C0A306 /* PromoView.swift */; };
		EE2B167A2B344BDD00C0A306 /* PromoViewModel.swift in Sources */ = {isa = PBXBuildFile; fileRef = EE2B16782B344BDD00C0A306 /* PromoViewModel.swift */; };
		EE2B167C2B344BF600C0A306 /* Promo.swift in Sources */ = {isa = PBXBuildFile; fileRef = EE2B167B2B344BF600C0A306 /* Promo.swift */; };
		EE2B167F2B34500300C0A306 /* CGFloat+Spacing.swift in Sources */ = {isa = PBXBuildFile; fileRef = EE2B167E2B34500300C0A306 /* CGFloat+Spacing.swift */; };
		EE32FA8A2B385862009FFB8E /* +navigationItemsBackButtonTitle.swift in Sources */ = {isa = PBXBuildFile; fileRef = EE32FA892B385862009FFB8E /* +navigationItemsBackButtonTitle.swift */; };
		EE32FA8C2B385B49009FFB8E /* SecondaryButton.swift in Sources */ = {isa = PBXBuildFile; fileRef = EE32FA8B2B385B49009FFB8E /* SecondaryButton.swift */; };
		EE32FA8F2B3862E1009FFB8E /* PrimaryToggleStyle.swift in Sources */ = {isa = PBXBuildFile; fileRef = EE32FA8E2B3862E1009FFB8E /* PrimaryToggleStyle.swift */; };
		EE32FA912B3864F9009FFB8E /* TermsConditionsViewModel.swift in Sources */ = {isa = PBXBuildFile; fileRef = EE32FA902B3864F9009FFB8E /* TermsConditionsViewModel.swift */; };
		EE32FA942B386AA2009FFB8E /* TextPrimaryButton.swift in Sources */ = {isa = PBXBuildFile; fileRef = EE32FA932B386AA2009FFB8E /* TextPrimaryButton.swift */; };
		EE59C0382B3D92A900A7274C /* String+Validate.swift in Sources */ = {isa = PBXBuildFile; fileRef = EE59C0372B3D92A900A7274C /* String+Validate.swift */; };
		EE60CA9C2B3DA9E40078C7D0 /* String+isValidPassword.swift in Sources */ = {isa = PBXBuildFile; fileRef = EE60CA9B2B3DA9E40078C7D0 /* String+isValidPassword.swift */; };
		EE60CA9F2B3DAA820078C7D0 /* TextFieldState.swift in Sources */ = {isa = PBXBuildFile; fileRef = EE60CA9E2B3DAA820078C7D0 /* TextFieldState.swift */; };
		EE60CAA22B3DAC3A0078C7D0 /* +setEmailTextFieldState.swift in Sources */ = {isa = PBXBuildFile; fileRef = EE60CAA12B3DAC3A0078C7D0 /* +setEmailTextFieldState.swift */; };
		EE60CAA42B3DB11D0078C7D0 /* +updateSecuredFieldState.swift in Sources */ = {isa = PBXBuildFile; fileRef = EE60CAA32B3DB11D0078C7D0 /* +updateSecuredFieldState.swift */; };
		EEB1982C2B39A05D002E8504 /* AccountSetupView.swift in Sources */ = {isa = PBXBuildFile; fileRef = EEB1982A2B39A05D002E8504 /* AccountSetupView.swift */; };
		EEB1982D2B39A05D002E8504 /* SignupViewModel.swift in Sources */ = {isa = PBXBuildFile; fileRef = EEB1982B2B39A05D002E8504 /* SignupViewModel.swift */; };
		EEB1982F2B39A5B8002E8504 /* SocialMediaButton.swift in Sources */ = {isa = PBXBuildFile; fileRef = EEB1982E2B39A5B8002E8504 /* SocialMediaButton.swift */; };
		EEB198332B39BC59002E8504 /* SigninViewModel.swift in Sources */ = {isa = PBXBuildFile; fileRef = EEB198322B39BC59002E8504 /* SigninViewModel.swift */; };
		EEB1983E2B39BDD9002E8504 /* ForgotPasswordViewModel.swift in Sources */ = {isa = PBXBuildFile; fileRef = EEB1983D2B39BDD9002E8504 /* ForgotPasswordViewModel.swift */; };
		EEB198402B39BE83002E8504 /* SignupView.swift in Sources */ = {isa = PBXBuildFile; fileRef = EEB1983F2B39BE83002E8504 /* SignupView.swift */; };
		EEB198422B39BE8E002E8504 /* VerifyAccountview.swift in Sources */ = {isa = PBXBuildFile; fileRef = EEB198412B39BE8E002E8504 /* VerifyAccountview.swift */; };
		EEB198442B39BE9C002E8504 /* VerifyPhoneView.swift in Sources */ = {isa = PBXBuildFile; fileRef = EEB198432B39BE9C002E8504 /* VerifyPhoneView.swift */; };
		EEB198462B39BEA4002E8504 /* VerifyEmailView.swift in Sources */ = {isa = PBXBuildFile; fileRef = EEB198452B39BEA4002E8504 /* VerifyEmailView.swift */; };
		EEB198482B39BEAB002E8504 /* SigninView.swift in Sources */ = {isa = PBXBuildFile; fileRef = EEB198472B39BEAB002E8504 /* SigninView.swift */; };
		EEB1984A2B39BEB5002E8504 /* ForgotPasswordView.swift in Sources */ = {isa = PBXBuildFile; fileRef = EEB198492B39BEB5002E8504 /* ForgotPasswordView.swift */; };
		EEB1984C2B39BEBF002E8504 /* NewPasswordView.swift in Sources */ = {isa = PBXBuildFile; fileRef = EEB1984B2B39BEBF002E8504 /* NewPasswordView.swift */; };
		EEB1984E2B39BED1002E8504 /* NewPasswordSuccessView.swift in Sources */ = {isa = PBXBuildFile; fileRef = EEB1984D2B39BED1002E8504 /* NewPasswordSuccessView.swift */; };
		EEBC8F4B2B3C6BE800AF0E38 /* AccountSetupCustomView.swift in Sources */ = {isa = PBXBuildFile; fileRef = EEBC8F4A2B3C6BE800AF0E38 /* AccountSetupCustomView.swift */; };
		EEC265F82B3DC81800E10FEE /* UserDefaults.swift in Sources */ = {isa = PBXBuildFile; fileRef = EEC265F72B3DC81800E10FEE /* UserDefaults.swift */; };
		EEC706D32B34953E005915A4 /* TextSecondaryButtton.swift in Sources */ = {isa = PBXBuildFile; fileRef = EEC706D22B34953E005915A4 /* TextSecondaryButtton.swift */; };
		EEC9F93E2B4014A400214094 /* TabBarView.swift in Sources */ = {isa = PBXBuildFile; fileRef = EEC9F93C2B4014A400214094 /* TabBarView.swift */; };
		EEC9F93F2B4014A400214094 /* TabBarViewModel.swift in Sources */ = {isa = PBXBuildFile; fileRef = EEC9F93D2B4014A400214094 /* TabBarViewModel.swift */; };
		EEC9F9412B4025EB00214094 /* +tabBarBackgroundColor.swift in Sources */ = {isa = PBXBuildFile; fileRef = EEC9F9402B4025EB00214094 /* +tabBarBackgroundColor.swift */; };
		EEC9F9442B405D9600214094 /* ClarityAsyncImage.swift in Sources */ = {isa = PBXBuildFile; fileRef = EEC9F9432B405D9600214094 /* ClarityAsyncImage.swift */; };
		EEC9F9492B406FC800214094 /* MeditationSession.swift in Sources */ = {isa = PBXBuildFile; fileRef = EEC9F9482B406FC800214094 /* MeditationSession.swift */; };
		EEC9F94B2B4084D700214094 /* SectionHeader.swift in Sources */ = {isa = PBXBuildFile; fileRef = EEC9F94A2B4084D700214094 /* SectionHeader.swift */; };
		EEC9F9542B40994B00214094 /* MeditationSessionView.swift in Sources */ = {isa = PBXBuildFile; fileRef = EEC9F9532B40994B00214094 /* MeditationSessionView.swift */; };
		EEC9F9572B409DD500214094 /* AllMeditationSessionsView.swift in Sources */ = {isa = PBXBuildFile; fileRef = EEC9F9562B409DD400214094 /* AllMeditationSessionsView.swift */; };
		EEE68EE42B39DC580062243F /* TermsView.swift in Sources */ = {isa = PBXBuildFile; fileRef = EEE68EE32B39DC580062243F /* TermsView.swift */; };
		EEE68EE72B39DC760062243F /* PrivacyPolicyView.swift in Sources */ = {isa = PBXBuildFile; fileRef = EEE68EE62B39DC760062243F /* PrivacyPolicyView.swift */; };
		EEE68EE92B39E6490062243F /* OnboardingNavigation.swift in Sources */ = {isa = PBXBuildFile; fileRef = EEE68EE82B39E6490062243F /* OnboardingNavigation.swift */; };
/* End PBXBuildFile section */

/* Begin PBXFileReference section */
		EE0296902B42F622001D60B1 /* +isHidden.swift */ = {isa = PBXFileReference; lastKnownFileType = sourcecode.swift; path = "+isHidden.swift"; sourceTree = "<group>"; };
		EE0296932B42FE02001D60B1 /* SearchTextField.swift */ = {isa = PBXFileReference; lastKnownFileType = sourcecode.swift; path = SearchTextField.swift; sourceTree = "<group>"; };
		EE0296962B432010001D60B1 /* MeditationSessionCell.swift */ = {isa = PBXFileReference; lastKnownFileType = sourcecode.swift; path = MeditationSessionCell.swift; sourceTree = "<group>"; };
		EE0296982B43202B001D60B1 /* MeditationSessionStyle.swift */ = {isa = PBXFileReference; lastKnownFileType = sourcecode.swift; path = MeditationSessionStyle.swift; sourceTree = "<group>"; };
		EE02969B2B432075001D60B1 /* SuggestedMeditationSessionStyle.swift */ = {isa = PBXFileReference; lastKnownFileType = sourcecode.swift; path = SuggestedMeditationSessionStyle.swift; sourceTree = "<group>"; };
		EE02969D2B432108001D60B1 /* DefaultMeditationSessionStyle.swift */ = {isa = PBXFileReference; lastKnownFileType = sourcecode.swift; path = DefaultMeditationSessionStyle.swift; sourceTree = "<group>"; };
		EE0296A02B4322C0001D60B1 /* MeditationDefaultSection.swift */ = {isa = PBXFileReference; lastKnownFileType = sourcecode.swift; path = MeditationDefaultSection.swift; sourceTree = "<group>"; };
		EE0296A22B43240D001D60B1 /* TrendingMeditationSessionStyle.swift */ = {isa = PBXFileReference; lastKnownFileType = sourcecode.swift; path = TrendingMeditationSessionStyle.swift; sourceTree = "<group>"; };
		EE0664252B3B380200D3D414 /* PrimaryTextField.swift */ = {isa = PBXFileReference; lastKnownFileType = sourcecode.swift; path = PrimaryTextField.swift; sourceTree = "<group>"; };
		EE066BE72B345C840089AD20 /* UIImage+featch.swift */ = {isa = PBXFileReference; lastKnownFileType = sourcecode.swift; path = "UIImage+featch.swift"; sourceTree = "<group>"; };
		EE066BEA2B34707E0089AD20 /* AsyncImageStyle.swift */ = {isa = PBXFileReference; lastKnownFileType = sourcecode.swift; path = AsyncImageStyle.swift; sourceTree = "<group>"; };
		EE066BED2B3471460089AD20 /* PromoImage.swift */ = {isa = PBXFileReference; lastKnownFileType = sourcecode.swift; path = PromoImage.swift; sourceTree = "<group>"; };
		EE066BEF2B348E350089AD20 /* PaginationView.swift */ = {isa = PBXFileReference; lastKnownFileType = sourcecode.swift; path = PaginationView.swift; sourceTree = "<group>"; };
		EE066BF22B348F310089AD20 /* PaginationStyle.swift */ = {isa = PBXFileReference; lastKnownFileType = sourcecode.swift; path = PaginationStyle.swift; sourceTree = "<group>"; };
		EE066BF52B348F810089AD20 /* CapsulePaginationStyle.swift */ = {isa = PBXFileReference; lastKnownFileType = sourcecode.swift; path = CapsulePaginationStyle.swift; sourceTree = "<group>"; };
		EE066BF72B348F9C0089AD20 /* CirclePaginationStyle.swift */ = {isa = PBXFileReference; lastKnownFileType = sourcecode.swift; path = CirclePaginationStyle.swift; sourceTree = "<group>"; };
		EE235E0A2B33794900A74271 /* Clarity.app */ = {isa = PBXFileReference; explicitFileType = wrapper.application; includeInIndex = 0; path = Clarity.app; sourceTree = BUILT_PRODUCTS_DIR; };
		EE235E0D2B33794900A74271 /* ClarityApp.swift */ = {isa = PBXFileReference; lastKnownFileType = sourcecode.swift; path = ClarityApp.swift; sourceTree = "<group>"; };
		EE235E112B33794A00A74271 /* Assets.xcassets */ = {isa = PBXFileReference; lastKnownFileType = folder.assetcatalog; path = Assets.xcassets; sourceTree = "<group>"; };
		EE235E1B2B337A4300A74271 /* Colors.xcassets */ = {isa = PBXFileReference; lastKnownFileType = folder.assetcatalog; path = Colors.xcassets; sourceTree = "<group>"; };
		EE235E212B3386D900A74271 /* Font+Style.swift */ = {isa = PBXFileReference; fileEncoding = 4; lastKnownFileType = sourcecode.swift; path = "Font+Style.swift"; sourceTree = "<group>"; };
		EE235E242B3386F400A74271 /* .swiftlint.yml */ = {isa = PBXFileReference; fileEncoding = 4; lastKnownFileType = text.yaml; path = .swiftlint.yml; sourceTree = "<group>"; };
		EE235E252B3386F400A74271 /* swiftgen.yml */ = {isa = PBXFileReference; fileEncoding = 4; lastKnownFileType = text.yaml; path = swiftgen.yml; sourceTree = "<group>"; };
		EE235E2B2B33871800A74271 /* en */ = {isa = PBXFileReference; lastKnownFileType = text.plist.strings; name = en; path = en.lproj/Localizable.strings; sourceTree = "<group>"; };
		EE235E2D2B33871900A74271 /* ar */ = {isa = PBXFileReference; lastKnownFileType = text.plist.strings; name = ar; path = ar.lproj/Localizable.strings; sourceTree = "<group>"; };
		EE235E312B3387AE00A74271 /* Strings+Generated.swift */ = {isa = PBXFileReference; fileEncoding = 4; lastKnownFileType = sourcecode.swift; path = "Strings+Generated.swift"; sourceTree = "<group>"; };
		EE235E352B33890F00A74271 /* SFPRODISPLAY-MEDIUM.OTF */ = {isa = PBXFileReference; lastKnownFileType = file; path = "SFPRODISPLAY-MEDIUM.OTF"; sourceTree = "<group>"; };
		EE235E372B33892400A74271 /* SFPRODISPLAY-REGULAR.OTF */ = {isa = PBXFileReference; lastKnownFileType = file; path = "SFPRODISPLAY-REGULAR.OTF"; sourceTree = "<group>"; };
		EE235E392B33895A00A74271 /* SFPRODISPLAY-SEMIBOLD.OTF */ = {isa = PBXFileReference; lastKnownFileType = file; path = "SFPRODISPLAY-SEMIBOLD.OTF"; sourceTree = "<group>"; };
		EE235E3A2B33898400A74271 /* Info.plist */ = {isa = PBXFileReference; lastKnownFileType = text.plist; path = Info.plist; sourceTree = "<group>"; };
		EE235E3B2B338A6F00A74271 /* SFPRODISPLAY-BOLD.OTF */ = {isa = PBXFileReference; lastKnownFileType = file; path = "SFPRODISPLAY-BOLD.OTF"; sourceTree = "<group>"; };
		EE235E402B33A2DA00A74271 /* PrimaryButton.swift */ = {isa = PBXFileReference; lastKnownFileType = sourcecode.swift; path = PrimaryButton.swift; sourceTree = "<group>"; };
		EE25F37A2B3713720090DA3B /* User.swift */ = {isa = PBXFileReference; lastKnownFileType = sourcecode.swift; path = User.swift; sourceTree = "<group>"; };
		EE25F37D2B3715C60090DA3B /* AppRouter.swift */ = {isa = PBXFileReference; lastKnownFileType = sourcecode.swift; path = AppRouter.swift; sourceTree = "<group>"; };
		EE25F3812B371EBE0090DA3B /* HomeView.swift */ = {isa = PBXFileReference; lastKnownFileType = sourcecode.swift; path = HomeView.swift; sourceTree = "<group>"; };
		EE25F3822B371EBE0090DA3B /* HomeViewModel.swift */ = {isa = PBXFileReference; lastKnownFileType = sourcecode.swift; path = HomeViewModel.swift; sourceTree = "<group>"; };
		EE25F3862B372A5E0090DA3B /* UserStoringManager.swift */ = {isa = PBXFileReference; lastKnownFileType = sourcecode.swift; path = UserStoringManager.swift; sourceTree = "<group>"; };
		EE25F3892B3739880090DA3B /* IntroView.swift */ = {isa = PBXFileReference; lastKnownFileType = sourcecode.swift; path = IntroView.swift; sourceTree = "<group>"; };
		EE25F38B2B373A660090DA3B /* SplashView.swift */ = {isa = PBXFileReference; lastKnownFileType = sourcecode.swift; path = SplashView.swift; sourceTree = "<group>"; };
		EE25F38E2B3741D00090DA3B /* TermsConditionsView.swift */ = {isa = PBXFileReference; lastKnownFileType = sourcecode.swift; path = TermsConditionsView.swift; sourceTree = "<group>"; };
		EE28F9562B440F2E00B99B02 /* BreathingMeditationSessionStyle.swift */ = {isa = PBXFileReference; lastKnownFileType = sourcecode.swift; path = BreathingMeditationSessionStyle.swift; sourceTree = "<group>"; };
		EE28F9582B4410FA00B99B02 /* BreathingMeditationSection.swift */ = {isa = PBXFileReference; lastKnownFileType = sourcecode.swift; path = BreathingMeditationSection.swift; sourceTree = "<group>"; };
		EE28F95A2B441C8000B99B02 /* +navigationBarBackButtonImage.swift */ = {isa = PBXFileReference; lastKnownFileType = sourcecode.swift; path = "+navigationBarBackButtonImage.swift"; sourceTree = "<group>"; };
		EE2B166E2B34443B00C0A306 /* AppViewModel.swift */ = {isa = PBXFileReference; lastKnownFileType = sourcecode.swift; path = AppViewModel.swift; sourceTree = "<group>"; };
		EE2B16722B34497600C0A306 /* +applyPrimaryDesign.swift */ = {isa = PBXFileReference; lastKnownFileType = sourcecode.swift; path = "+applyPrimaryDesign.swift"; sourceTree = "<group>"; };
		EE2B16772B344BDD00C0A306 /* PromoView.swift */ = {isa = PBXFileReference; lastKnownFileType = sourcecode.swift; path = PromoView.swift; sourceTree = "<group>"; };
		EE2B16782B344BDD00C0A306 /* PromoViewModel.swift */ = {isa = PBXFileReference; lastKnownFileType = sourcecode.swift; path = PromoViewModel.swift; sourceTree = "<group>"; };
		EE2B167B2B344BF600C0A306 /* Promo.swift */ = {isa = PBXFileReference; lastKnownFileType = sourcecode.swift; path = Promo.swift; sourceTree = "<group>"; };
		EE2B167E2B34500300C0A306 /* CGFloat+Spacing.swift */ = {isa = PBXFileReference; lastKnownFileType = sourcecode.swift; path = "CGFloat+Spacing.swift"; sourceTree = "<group>"; };
		EE32FA892B385862009FFB8E /* +navigationItemsBackButtonTitle.swift */ = {isa = PBXFileReference; lastKnownFileType = sourcecode.swift; path = "+navigationItemsBackButtonTitle.swift"; sourceTree = "<group>"; };
		EE32FA8B2B385B49009FFB8E /* SecondaryButton.swift */ = {isa = PBXFileReference; lastKnownFileType = sourcecode.swift; path = SecondaryButton.swift; sourceTree = "<group>"; };
		EE32FA8E2B3862E1009FFB8E /* PrimaryToggleStyle.swift */ = {isa = PBXFileReference; lastKnownFileType = sourcecode.swift; path = PrimaryToggleStyle.swift; sourceTree = "<group>"; };
		EE32FA902B3864F9009FFB8E /* TermsConditionsViewModel.swift */ = {isa = PBXFileReference; lastKnownFileType = sourcecode.swift; path = TermsConditionsViewModel.swift; sourceTree = "<group>"; };
		EE32FA932B386AA2009FFB8E /* TextPrimaryButton.swift */ = {isa = PBXFileReference; lastKnownFileType = sourcecode.swift; path = TextPrimaryButton.swift; sourceTree = "<group>"; };
		EE59C0372B3D92A900A7274C /* String+Validate.swift */ = {isa = PBXFileReference; lastKnownFileType = sourcecode.swift; path = "String+Validate.swift"; sourceTree = "<group>"; };
		EE60CA9B2B3DA9E40078C7D0 /* String+isValidPassword.swift */ = {isa = PBXFileReference; lastKnownFileType = sourcecode.swift; path = "String+isValidPassword.swift"; sourceTree = "<group>"; };
		EE60CA9E2B3DAA820078C7D0 /* TextFieldState.swift */ = {isa = PBXFileReference; lastKnownFileType = sourcecode.swift; path = TextFieldState.swift; sourceTree = "<group>"; };
		EE60CAA12B3DAC3A0078C7D0 /* +setEmailTextFieldState.swift */ = {isa = PBXFileReference; lastKnownFileType = sourcecode.swift; path = "+setEmailTextFieldState.swift"; sourceTree = "<group>"; };
		EE60CAA32B3DB11D0078C7D0 /* +updateSecuredFieldState.swift */ = {isa = PBXFileReference; lastKnownFileType = sourcecode.swift; path = "+updateSecuredFieldState.swift"; sourceTree = "<group>"; };
		EEB1982A2B39A05D002E8504 /* AccountSetupView.swift */ = {isa = PBXFileReference; lastKnownFileType = sourcecode.swift; path = AccountSetupView.swift; sourceTree = "<group>"; };
		EEB1982B2B39A05D002E8504 /* SignupViewModel.swift */ = {isa = PBXFileReference; lastKnownFileType = sourcecode.swift; path = SignupViewModel.swift; sourceTree = "<group>"; };
		EEB1982E2B39A5B8002E8504 /* SocialMediaButton.swift */ = {isa = PBXFileReference; lastKnownFileType = sourcecode.swift; path = SocialMediaButton.swift; sourceTree = "<group>"; };
		EEB198322B39BC59002E8504 /* SigninViewModel.swift */ = {isa = PBXFileReference; lastKnownFileType = sourcecode.swift; path = SigninViewModel.swift; sourceTree = "<group>"; };
		EEB1983D2B39BDD9002E8504 /* ForgotPasswordViewModel.swift */ = {isa = PBXFileReference; lastKnownFileType = sourcecode.swift; path = ForgotPasswordViewModel.swift; sourceTree = "<group>"; };
		EEB1983F2B39BE83002E8504 /* SignupView.swift */ = {isa = PBXFileReference; lastKnownFileType = sourcecode.swift; path = SignupView.swift; sourceTree = "<group>"; };
		EEB198412B39BE8E002E8504 /* VerifyAccountview.swift */ = {isa = PBXFileReference; lastKnownFileType = sourcecode.swift; path = VerifyAccountview.swift; sourceTree = "<group>"; };
		EEB198432B39BE9C002E8504 /* VerifyPhoneView.swift */ = {isa = PBXFileReference; lastKnownFileType = sourcecode.swift; path = VerifyPhoneView.swift; sourceTree = "<group>"; };
		EEB198452B39BEA4002E8504 /* VerifyEmailView.swift */ = {isa = PBXFileReference; lastKnownFileType = sourcecode.swift; path = VerifyEmailView.swift; sourceTree = "<group>"; };
		EEB198472B39BEAB002E8504 /* SigninView.swift */ = {isa = PBXFileReference; lastKnownFileType = sourcecode.swift; path = SigninView.swift; sourceTree = "<group>"; };
		EEB198492B39BEB5002E8504 /* ForgotPasswordView.swift */ = {isa = PBXFileReference; lastKnownFileType = sourcecode.swift; path = ForgotPasswordView.swift; sourceTree = "<group>"; };
		EEB1984B2B39BEBF002E8504 /* NewPasswordView.swift */ = {isa = PBXFileReference; lastKnownFileType = sourcecode.swift; path = NewPasswordView.swift; sourceTree = "<group>"; };
		EEB1984D2B39BED1002E8504 /* NewPasswordSuccessView.swift */ = {isa = PBXFileReference; lastKnownFileType = sourcecode.swift; path = NewPasswordSuccessView.swift; sourceTree = "<group>"; };
		EEBC8F4A2B3C6BE800AF0E38 /* AccountSetupCustomView.swift */ = {isa = PBXFileReference; lastKnownFileType = sourcecode.swift; path = AccountSetupCustomView.swift; sourceTree = "<group>"; };
		EEC265F72B3DC81800E10FEE /* UserDefaults.swift */ = {isa = PBXFileReference; lastKnownFileType = sourcecode.swift; path = UserDefaults.swift; sourceTree = "<group>"; };
		EEC706D22B34953E005915A4 /* TextSecondaryButtton.swift */ = {isa = PBXFileReference; lastKnownFileType = sourcecode.swift; path = TextSecondaryButtton.swift; sourceTree = "<group>"; };
		EEC9F93C2B4014A400214094 /* TabBarView.swift */ = {isa = PBXFileReference; lastKnownFileType = sourcecode.swift; path = TabBarView.swift; sourceTree = "<group>"; };
		EEC9F93D2B4014A400214094 /* TabBarViewModel.swift */ = {isa = PBXFileReference; lastKnownFileType = sourcecode.swift; path = TabBarViewModel.swift; sourceTree = "<group>"; };
		EEC9F9402B4025EB00214094 /* +tabBarBackgroundColor.swift */ = {isa = PBXFileReference; lastKnownFileType = sourcecode.swift; path = "+tabBarBackgroundColor.swift"; sourceTree = "<group>"; };
		EEC9F9432B405D9600214094 /* ClarityAsyncImage.swift */ = {isa = PBXFileReference; lastKnownFileType = sourcecode.swift; path = ClarityAsyncImage.swift; sourceTree = "<group>"; };
		EEC9F9482B406FC800214094 /* MeditationSession.swift */ = {isa = PBXFileReference; lastKnownFileType = sourcecode.swift; path = MeditationSession.swift; sourceTree = "<group>"; };
		EEC9F94A2B4084D700214094 /* SectionHeader.swift */ = {isa = PBXFileReference; lastKnownFileType = sourcecode.swift; path = SectionHeader.swift; sourceTree = "<group>"; };
		EEC9F9532B40994B00214094 /* MeditationSessionView.swift */ = {isa = PBXFileReference; lastKnownFileType = sourcecode.swift; path = MeditationSessionView.swift; sourceTree = "<group>"; };
		EEC9F9562B409DD400214094 /* AllMeditationSessionsView.swift */ = {isa = PBXFileReference; lastKnownFileType = sourcecode.swift; path = AllMeditationSessionsView.swift; sourceTree = "<group>"; };
		EEE68EE32B39DC580062243F /* TermsView.swift */ = {isa = PBXFileReference; lastKnownFileType = sourcecode.swift; path = TermsView.swift; sourceTree = "<group>"; };
		EEE68EE62B39DC760062243F /* PrivacyPolicyView.swift */ = {isa = PBXFileReference; lastKnownFileType = sourcecode.swift; path = PrivacyPolicyView.swift; sourceTree = "<group>"; };
		EEE68EE82B39E6490062243F /* OnboardingNavigation.swift */ = {isa = PBXFileReference; lastKnownFileType = sourcecode.swift; path = OnboardingNavigation.swift; sourceTree = "<group>"; };
/* End PBXFileReference section */

/* Begin PBXFrameworksBuildPhase section */
		EE235E072B33794900A74271 /* Frameworks */ = {
			isa = PBXFrameworksBuildPhase;
			buildActionMask = 2147483647;
			files = (
			);
			runOnlyForDeploymentPostprocessing = 0;
		};
/* End PBXFrameworksBuildPhase section */

/* Begin PBXGroup section */
		EE0296922B42FDF3001D60B1 /* SearchTextField */ = {
			isa = PBXGroup;
			children = (
				EE0296932B42FE02001D60B1 /* SearchTextField.swift */,
			);
			path = SearchTextField;
			sourceTree = "<group>";
		};
		EE0296952B431FFF001D60B1 /* MeditationSessionCell */ = {
			isa = PBXGroup;
			children = (
				EE0296962B432010001D60B1 /* MeditationSessionCell.swift */,
				EE02969A2B43204B001D60B1 /* MeditationSessionStyle */,
			);
			path = MeditationSessionCell;
			sourceTree = "<group>";
		};
		EE02969A2B43204B001D60B1 /* MeditationSessionStyle */ = {
			isa = PBXGroup;
			children = (
				EE0296982B43202B001D60B1 /* MeditationSessionStyle.swift */,
				EE02969B2B432075001D60B1 /* SuggestedMeditationSessionStyle.swift */,
				EE02969D2B432108001D60B1 /* DefaultMeditationSessionStyle.swift */,
				EE0296A22B43240D001D60B1 /* TrendingMeditationSessionStyle.swift */,
				EE28F9562B440F2E00B99B02 /* BreathingMeditationSessionStyle.swift */,
			);
			path = MeditationSessionStyle;
			sourceTree = "<group>";
		};
		EE02969F2B4322B5001D60B1 /* Sections */ = {
			isa = PBXGroup;
			children = (
				EE0296A02B4322C0001D60B1 /* MeditationDefaultSection.swift */,
				EE28F9582B4410FA00B99B02 /* BreathingMeditationSection.swift */,
			);
			path = Sections;
			sourceTree = "<group>";
		};
		EE0664242B3B37E800D3D414 /* TextField */ = {
			isa = PBXGroup;
			children = (
				EE60CA9E2B3DAA820078C7D0 /* TextFieldState.swift */,
				EE0296922B42FDF3001D60B1 /* SearchTextField */,
				EE60CAA02B3DAC200078C7D0 /* PrimaryTextField */,
			);
			path = TextField;
			sourceTree = "<group>";
		};
		EE066BE62B345C790089AD20 /* Extentions */ = {
			isa = PBXGroup;
			children = (
				EE066BE72B345C840089AD20 /* UIImage+featch.swift */,
				EE59C0372B3D92A900A7274C /* String+Validate.swift */,
				EE60CA9B2B3DA9E40078C7D0 /* String+isValidPassword.swift */,
				EEC265F72B3DC81800E10FEE /* UserDefaults.swift */,
			);
			path = Extentions;
			sourceTree = "<group>";
		};
		EE066BF12B348F0A0089AD20 /* PaginationView */ = {
			isa = PBXGroup;
			children = (
				EE066BF42B348F710089AD20 /* Pagination Styles */,
				EE066BEF2B348E350089AD20 /* PaginationView.swift */,
				EE066BF22B348F310089AD20 /* PaginationStyle.swift */,
			);
			path = PaginationView;
			sourceTree = "<group>";
		};
		EE066BF42B348F710089AD20 /* Pagination Styles */ = {
			isa = PBXGroup;
			children = (
				EE066BF52B348F810089AD20 /* CapsulePaginationStyle.swift */,
				EE066BF72B348F9C0089AD20 /* CirclePaginationStyle.swift */,
			);
			path = "Pagination Styles";
			sourceTree = "<group>";
		};
		EE235E012B33794900A74271 = {
			isa = PBXGroup;
			children = (
				EE235E242B3386F400A74271 /* .swiftlint.yml */,
				EE235E252B3386F400A74271 /* swiftgen.yml */,
				EE235E0C2B33794900A74271 /* Clarity */,
				EE235E1D2B33863E00A74271 /* Utilities */,
				EE235E1E2B33864400A74271 /* Resources */,
				EE235E0B2B33794900A74271 /* Products */,
				EE32FA832B38506B009FFB8E /* Frameworks */,
			);
			sourceTree = "<group>";
		};
		EE235E0B2B33794900A74271 /* Products */ = {
			isa = PBXGroup;
			children = (
				EE235E0A2B33794900A74271 /* Clarity.app */,
			);
			name = Products;
			sourceTree = "<group>";
		};
		EE235E0C2B33794900A74271 /* Clarity */ = {
			isa = PBXGroup;
			children = (
				EE25F3852B372A4C0090DA3B /* Managers */,
				EE25F3792B3713690090DA3B /* Model */,
				EE235E3E2B338CCB00A74271 /* Scenes */,
				EE235E0D2B33794900A74271 /* ClarityApp.swift */,
				EE2B166E2B34443B00C0A306 /* AppViewModel.swift */,
				EE235E3A2B33898400A74271 /* Info.plist */,
			);
			path = Clarity;
			sourceTree = "<group>";
		};
		EE235E1D2B33863E00A74271 /* Utilities */ = {
			isa = PBXGroup;
			children = (
				EEC9F9452B406F2A00214094 /* ReusableViews */,
				EE066BE62B345C790089AD20 /* Extentions */,
				EE2B167D2B344FD800C0A306 /* Constants */,
				EE2B16702B34494600C0A306 /* Custom Styles */,
				EE2B16712B34494E00C0A306 /* Custom Modifiers */,
			);
			path = Utilities;
			sourceTree = "<group>";
		};
		EE235E1E2B33864400A74271 /* Resources */ = {
			isa = PBXGroup;
			children = (
				EE235E202B3386C400A74271 /* Fonts */,
				EE235E1F2B33865F00A74271 /* Assets */,
				EE235E302B33878B00A74271 /* Generated */,
				EE235E232B3386E400A74271 /* Localization */,
			);
			path = Resources;
			sourceTree = "<group>";
		};
		EE235E1F2B33865F00A74271 /* Assets */ = {
			isa = PBXGroup;
			children = (
				EE235E112B33794A00A74271 /* Assets.xcassets */,
				EE235E1B2B337A4300A74271 /* Colors.xcassets */,
			);
			path = Assets;
			sourceTree = "<group>";
		};
		EE235E202B3386C400A74271 /* Fonts */ = {
			isa = PBXGroup;
			children = (
				EE235E212B3386D900A74271 /* Font+Style.swift */,
				EE235E3B2B338A6F00A74271 /* SFPRODISPLAY-BOLD.OTF */,
				EE235E392B33895A00A74271 /* SFPRODISPLAY-SEMIBOLD.OTF */,
				EE235E372B33892400A74271 /* SFPRODISPLAY-REGULAR.OTF */,
				EE235E352B33890F00A74271 /* SFPRODISPLAY-MEDIUM.OTF */,
			);
			path = Fonts;
			sourceTree = "<group>";
		};
		EE235E232B3386E400A74271 /* Localization */ = {
			isa = PBXGroup;
			children = (
				EE235E2C2B33871800A74271 /* Localizable.strings */,
			);
			path = Localization;
			sourceTree = "<group>";
		};
		EE235E302B33878B00A74271 /* Generated */ = {
			isa = PBXGroup;
			children = (
				EE235E312B3387AE00A74271 /* Strings+Generated.swift */,
			);
			path = Generated;
			sourceTree = "<group>";
		};
		EE235E3E2B338CCB00A74271 /* Scenes */ = {
			isa = PBXGroup;
			children = (
				EE2B16752B344AB700C0A306 /* Intro */,
				EEB198292B39A028002E8504 /* Account Setup */,
				EE25F37F2B371E9B0090DA3B /* Main */,
			);
			path = Scenes;
			sourceTree = "<group>";
		};
		EE235E3F2B33A2B100A74271 /* Buttons */ = {
			isa = PBXGroup;
			children = (
				EE235E402B33A2DA00A74271 /* PrimaryButton.swift */,
				EEC706D22B34953E005915A4 /* TextSecondaryButtton.swift */,
				EE32FA8B2B385B49009FFB8E /* SecondaryButton.swift */,
				EE32FA932B386AA2009FFB8E /* TextPrimaryButton.swift */,
				EEB1982E2B39A5B8002E8504 /* SocialMediaButton.swift */,
			);
			path = Buttons;
			sourceTree = "<group>";
		};
		EE25F3792B3713690090DA3B /* Model */ = {
			isa = PBXGroup;
			children = (
				EE25F37A2B3713720090DA3B /* User.swift */,
				EEC9F9482B406FC800214094 /* MeditationSession.swift */,
			);
			path = Model;
			sourceTree = "<group>";
		};
		EE25F37F2B371E9B0090DA3B /* Main */ = {
			isa = PBXGroup;
			children = (
				EEC9F93B2B40148A00214094 /* TabBar */,
				EEC9F9422B4026CA00214094 /* Home */,
			);
			path = Main;
			sourceTree = "<group>";
		};
		EE25F3852B372A4C0090DA3B /* Managers */ = {
			isa = PBXGroup;
			children = (
				EE25F37D2B3715C60090DA3B /* AppRouter.swift */,
				EE25F3862B372A5E0090DA3B /* UserStoringManager.swift */,
				EEE68EE82B39E6490062243F /* OnboardingNavigation.swift */,
			);
			path = Managers;
			sourceTree = "<group>";
		};
		EE25F38D2B3741730090DA3B /* TermsConditions */ = {
			isa = PBXGroup;
			children = (
				EE25F38E2B3741D00090DA3B /* TermsConditionsView.swift */,
				EE32FA902B3864F9009FFB8E /* TermsConditionsViewModel.swift */,
			);
			path = TermsConditions;
			sourceTree = "<group>";
		};
		EE2B16702B34494600C0A306 /* Custom Styles */ = {
			isa = PBXGroup;
			children = (
				EEBC8F4A2B3C6BE800AF0E38 /* AccountSetupCustomView.swift */,
				EE32FA8D2B3862D5009FFB8E /* Toggle */,
				EEC706D42B34977E005915A4 /* AsyncImage */,
				EE066BF12B348F0A0089AD20 /* PaginationView */,
				EE235E3F2B33A2B100A74271 /* Buttons */,
			);
			path = "Custom Styles";
			sourceTree = "<group>";
		};
		EE2B16712B34494E00C0A306 /* Custom Modifiers */ = {
			isa = PBXGroup;
			children = (
				EE2B16722B34497600C0A306 /* +applyPrimaryDesign.swift */,
				EE32FA892B385862009FFB8E /* +navigationItemsBackButtonTitle.swift */,
				EEC9F9402B4025EB00214094 /* +tabBarBackgroundColor.swift */,
				EE0296902B42F622001D60B1 /* +isHidden.swift */,
				EE28F95A2B441C8000B99B02 /* +navigationBarBackButtonImage.swift */,
			);
			path = "Custom Modifiers";
			sourceTree = "<group>";
		};
		EE2B16742B344AAA00C0A306 /* Promo */ = {
			isa = PBXGroup;
			children = (
				EE2B167B2B344BF600C0A306 /* Promo.swift */,
				EE2B16772B344BDD00C0A306 /* PromoView.swift */,
				EE2B16782B344BDD00C0A306 /* PromoViewModel.swift */,
			);
			path = Promo;
			sourceTree = "<group>";
		};
		EE2B16752B344AB700C0A306 /* Intro */ = {
			isa = PBXGroup;
			children = (
				EE25F3892B3739880090DA3B /* IntroView.swift */,
				EE2B16762B344ABE00C0A306 /* Splash */,
				EE2B16742B344AAA00C0A306 /* Promo */,
				EE25F38D2B3741730090DA3B /* TermsConditions */,
				EEE68EE22B39DC4E0062243F /* Terms */,
				EEE68EE52B39DC5A0062243F /* Privacy Policy */,
			);
			path = Intro;
			sourceTree = "<group>";
		};
		EE2B16762B344ABE00C0A306 /* Splash */ = {
			isa = PBXGroup;
			children = (
				EE25F38B2B373A660090DA3B /* SplashView.swift */,
			);
			path = Splash;
			sourceTree = "<group>";
		};
		EE2B167D2B344FD800C0A306 /* Constants */ = {
			isa = PBXGroup;
			children = (
				EE2B167E2B34500300C0A306 /* CGFloat+Spacing.swift */,
			);
			path = Constants;
			sourceTree = "<group>";
		};
		EE32FA832B38506B009FFB8E /* Frameworks */ = {
			isa = PBXGroup;
			children = (
			);
			name = Frameworks;
			sourceTree = "<group>";
		};
		EE32FA8D2B3862D5009FFB8E /* Toggle */ = {
			isa = PBXGroup;
			children = (
				EE32FA8E2B3862E1009FFB8E /* PrimaryToggleStyle.swift */,
			);
			path = Toggle;
			sourceTree = "<group>";
		};
		EE60CAA02B3DAC200078C7D0 /* PrimaryTextField */ = {
			isa = PBXGroup;
			children = (
				EE0664252B3B380200D3D414 /* PrimaryTextField.swift */,
				EE60CAA12B3DAC3A0078C7D0 /* +setEmailTextFieldState.swift */,
				EE60CAA32B3DB11D0078C7D0 /* +updateSecuredFieldState.swift */,
			);
			path = PrimaryTextField;
			sourceTree = "<group>";
		};
		EEB198292B39A028002E8504 /* Account Setup */ = {
			isa = PBXGroup;
			children = (
				EEB1982A2B39A05D002E8504 /* AccountSetupView.swift */,
				EEB1982B2B39A05D002E8504 /* SignupViewModel.swift */,
				EEB198322B39BC59002E8504 /* SigninViewModel.swift */,
				EEB1983D2B39BDD9002E8504 /* ForgotPasswordViewModel.swift */,
				EEB198342B39BCFE002E8504 /* Signup */,
				EEB198352B39BD10002E8504 /* Verify Account */,
				EEB198362B39BD2F002E8504 /* Verify Phone */,
				EEB198372B39BD3B002E8504 /* Verify Email */,
				EEB198382B39BD70002E8504 /* Sign in */,
				EEB198392B39BD81002E8504 /* Forgot Password */,
				EEB1983A2B39BD98002E8504 /* New Password */,
				EEB1983B2B39BDA0002E8504 /* New Password Success Message */,
			);
			path = "Account Setup";
			sourceTree = "<group>";
		};
		EEB198342B39BCFE002E8504 /* Signup */ = {
			isa = PBXGroup;
			children = (
				EEB1983F2B39BE83002E8504 /* SignupView.swift */,
			);
			path = Signup;
			sourceTree = "<group>";
		};
		EEB198352B39BD10002E8504 /* Verify Account */ = {
			isa = PBXGroup;
			children = (
				EEB198412B39BE8E002E8504 /* VerifyAccountview.swift */,
			);
			path = "Verify Account";
			sourceTree = "<group>";
		};
		EEB198362B39BD2F002E8504 /* Verify Phone */ = {
			isa = PBXGroup;
			children = (
				EEB198432B39BE9C002E8504 /* VerifyPhoneView.swift */,
			);
			path = "Verify Phone";
			sourceTree = "<group>";
		};
		EEB198372B39BD3B002E8504 /* Verify Email */ = {
			isa = PBXGroup;
			children = (
				EEB198452B39BEA4002E8504 /* VerifyEmailView.swift */,
			);
			path = "Verify Email";
			sourceTree = "<group>";
		};
		EEB198382B39BD70002E8504 /* Sign in */ = {
			isa = PBXGroup;
			children = (
				EEB198472B39BEAB002E8504 /* SigninView.swift */,
			);
			path = "Sign in";
			sourceTree = "<group>";
		};
		EEB198392B39BD81002E8504 /* Forgot Password */ = {
			isa = PBXGroup;
			children = (
				EEB198492B39BEB5002E8504 /* ForgotPasswordView.swift */,
			);
			path = "Forgot Password";
			sourceTree = "<group>";
		};
		EEB1983A2B39BD98002E8504 /* New Password */ = {
			isa = PBXGroup;
			children = (
				EEB1984B2B39BEBF002E8504 /* NewPasswordView.swift */,
			);
			path = "New Password";
			sourceTree = "<group>";
		};
		EEB1983B2B39BDA0002E8504 /* New Password Success Message */ = {
			isa = PBXGroup;
			children = (
				EEB1984D2B39BED1002E8504 /* NewPasswordSuccessView.swift */,
			);
			path = "New Password Success Message";
			sourceTree = "<group>";
		};
		EEC706D42B34977E005915A4 /* AsyncImage */ = {
			isa = PBXGroup;
			children = (
				EE066BED2B3471460089AD20 /* PromoImage.swift */,
				EEC9F9432B405D9600214094 /* ClarityAsyncImage.swift */,
				EE066BEA2B34707E0089AD20 /* AsyncImageStyle.swift */,
			);
			path = AsyncImage;
			sourceTree = "<group>";
		};
		EEC9F93B2B40148A00214094 /* TabBar */ = {
			isa = PBXGroup;
			children = (
				EEC9F93C2B4014A400214094 /* TabBarView.swift */,
				EEC9F93D2B4014A400214094 /* TabBarViewModel.swift */,
			);
			path = TabBar;
			sourceTree = "<group>";
		};
		EEC9F9422B4026CA00214094 /* Home */ = {
			isa = PBXGroup;
			children = (
				EE25F3812B371EBE0090DA3B /* HomeView.swift */,
				EE25F3822B371EBE0090DA3B /* HomeViewModel.swift */,
				EEC9F9522B40993800214094 /* MeditationSession */,
				EEC9F9552B409DC300214094 /* AllMeditationSessions */,
			);
			path = Home;
			sourceTree = "<group>";
		};
		EEC9F9452B406F2A00214094 /* ReusableViews */ = {
			isa = PBXGroup;
			children = (
				EE02969F2B4322B5001D60B1 /* Sections */,
				EE0296952B431FFF001D60B1 /* MeditationSessionCell */,
				EE0664242B3B37E800D3D414 /* TextField */,
				EEC9F94A2B4084D700214094 /* SectionHeader.swift */,
			);
			path = ReusableViews;
			sourceTree = "<group>";
		};
		EEC9F9522B40993800214094 /* MeditationSession */ = {
			isa = PBXGroup;
			children = (
				EEC9F9532B40994B00214094 /* MeditationSessionView.swift */,
			);
			path = MeditationSession;
			sourceTree = "<group>";
		};
		EEC9F9552B409DC300214094 /* AllMeditationSessions */ = {
			isa = PBXGroup;
			children = (
				EEC9F9562B409DD400214094 /* AllMeditationSessionsView.swift */,
			);
			path = AllMeditationSessions;
			sourceTree = "<group>";
		};
		EEE68EE22B39DC4E0062243F /* Terms */ = {
			isa = PBXGroup;
			children = (
				EEE68EE32B39DC580062243F /* TermsView.swift */,
			);
			path = Terms;
			sourceTree = "<group>";
		};
		EEE68EE52B39DC5A0062243F /* Privacy Policy */ = {
			isa = PBXGroup;
			children = (
				EEE68EE62B39DC760062243F /* PrivacyPolicyView.swift */,
			);
			path = "Privacy Policy";
			sourceTree = "<group>";
		};
/* End PBXGroup section */

/* Begin PBXNativeTarget section */
		EE235E092B33794900A74271 /* Clarity */ = {
			isa = PBXNativeTarget;
			buildConfigurationList = EE235E182B33794A00A74271 /* Build configuration list for PBXNativeTarget "Clarity" */;
			buildPhases = (
				EE235E2E2B33873900A74271 /* swiftgen */,
				EE235E2F2B33875600A74271 /* swiftlint */,
				EE235E062B33794900A74271 /* Sources */,
				EE235E072B33794900A74271 /* Frameworks */,
				EE235E082B33794900A74271 /* Resources */,
			);
			buildRules = (
			);
			dependencies = (
			);
			name = Clarity;
			packageProductDependencies = (
			);
			productName = Clarity;
			productReference = EE235E0A2B33794900A74271 /* Clarity.app */;
			productType = "com.apple.product-type.application";
		};
/* End PBXNativeTarget section */

/* Begin PBXProject section */
		EE235E022B33794900A74271 /* Project object */ = {
			isa = PBXProject;
			attributes = {
				BuildIndependentTargetsInParallel = 1;
				LastSwiftUpdateCheck = 1500;
				LastUpgradeCheck = 1500;
				TargetAttributes = {
					EE235E092B33794900A74271 = {
						CreatedOnToolsVersion = 15.0;
					};
				};
			};
			buildConfigurationList = EE235E052B33794900A74271 /* Build configuration list for PBXProject "Clarity" */;
			compatibilityVersion = "Xcode 13.0";
			developmentRegion = en;
			hasScannedForEncodings = 0;
			knownRegions = (
				en,
				Base,
				ar,
			);
			mainGroup = EE235E012B33794900A74271;
			packageReferences = (
				EE32FA862B3850D0009FFB8E /* XCLocalSwiftPackageReference "Packages/Extensions" */,
			);
			productRefGroup = EE235E0B2B33794900A74271 /* Products */;
			projectDirPath = "";
			projectRoot = "";
			targets = (
				EE235E092B33794900A74271 /* Clarity */,
			);
		};
/* End PBXProject section */

/* Begin PBXResourcesBuildPhase section */
		EE235E082B33794900A74271 /* Resources */ = {
			isa = PBXResourcesBuildPhase;
			buildActionMask = 2147483647;
			files = (
				EE235E3D2B338AAD00A74271 /* SFPRODISPLAY-SEMIBOLD.OTF in Resources */,
				EE235E382B33892400A74271 /* SFPRODISPLAY-REGULAR.OTF in Resources */,
				EE235E362B33890F00A74271 /* SFPRODISPLAY-MEDIUM.OTF in Resources */,
				EE235E3C2B338A6F00A74271 /* SFPRODISPLAY-BOLD.OTF in Resources */,
				EE235E262B3386F400A74271 /* .swiftlint.yml in Resources */,
				EE235E2A2B33871800A74271 /* Localizable.strings in Resources */,
				EE235E272B3386F400A74271 /* swiftgen.yml in Resources */,
				EE235E1C2B337A4300A74271 /* Colors.xcassets in Resources */,
				EE235E122B33794A00A74271 /* Assets.xcassets in Resources */,
			);
			runOnlyForDeploymentPostprocessing = 0;
		};
/* End PBXResourcesBuildPhase section */

/* Begin PBXShellScriptBuildPhase section */
		EE235E2E2B33873900A74271 /* swiftgen */ = {
			isa = PBXShellScriptBuildPhase;
			alwaysOutOfDate = 1;
			buildActionMask = 2147483647;
			files = (
			);
			inputFileListPaths = (
			);
			inputPaths = (
			);
			name = swiftgen;
			outputFileListPaths = (
			);
			outputPaths = (
			);
			runOnlyForDeploymentPostprocessing = 0;
			shellPath = /bin/sh;
			shellScript = "# Type a script or drag a script file from your workspace to insert its path.\nexport PATH=\"$PATH:/opt/homebrew/bin\"\nif which swiftgen >/dev/null; then\n  swiftgen\nelse\n  echo \"warning: get not installed, download from https://github.com/realm/SwiftLint\"\nfi \n";
		};
		EE235E2F2B33875600A74271 /* swiftlint */ = {
			isa = PBXShellScriptBuildPhase;
			alwaysOutOfDate = 1;
			buildActionMask = 2147483647;
			files = (
			);
			inputFileListPaths = (
			);
			inputPaths = (
			);
			name = swiftlint;
			outputFileListPaths = (
			);
			outputPaths = (
			);
			runOnlyForDeploymentPostprocessing = 0;
			shellPath = /bin/sh;
			shellScript = "export PATH=\"$PATH:/opt/homebrew/bin\"\nif which swiftlint >/dev/null; then\n  swiftlint\nelse\n  echo \"warning: SwiftLint not installed, download from https://github.com/realm/SwiftLint\"\nfi \n";
		};
/* End PBXShellScriptBuildPhase section */

/* Begin PBXSourcesBuildPhase section */
		EE235E062B33794900A74271 /* Sources */ = {
			isa = PBXSourcesBuildPhase;
			buildActionMask = 2147483647;
			files = (
				EEB1984C2B39BEBF002E8504 /* NewPasswordView.swift in Sources */,
				EEB198402B39BE83002E8504 /* SignupView.swift in Sources */,
				EEC9F93E2B4014A400214094 /* TabBarView.swift in Sources */,
				EE59C0382B3D92A900A7274C /* String+Validate.swift in Sources */,
				EE066BE82B345C840089AD20 /* UIImage+featch.swift in Sources */,
				EEE68EE92B39E6490062243F /* OnboardingNavigation.swift in Sources */,
				EE25F3842B371EBE0090DA3B /* HomeViewModel.swift in Sources */,
				EE25F38C2B373A660090DA3B /* SplashView.swift in Sources */,
				EEB1984E2B39BED1002E8504 /* NewPasswordSuccessView.swift in Sources */,
				EE25F38A2B3739880090DA3B /* IntroView.swift in Sources */,
				EE60CA9F2B3DAA820078C7D0 /* TextFieldState.swift in Sources */,
				EE235E222B3386D900A74271 /* Font+Style.swift in Sources */,
				EE02969C2B432075001D60B1 /* SuggestedMeditationSessionStyle.swift in Sources */,
				EE32FA8A2B385862009FFB8E /* +navigationItemsBackButtonTitle.swift in Sources */,
				EEC9F93F2B4014A400214094 /* TabBarViewModel.swift in Sources */,
				EE0296992B43202B001D60B1 /* MeditationSessionStyle.swift in Sources */,
				EE2B167C2B344BF600C0A306 /* Promo.swift in Sources */,
				EE0296912B42F622001D60B1 /* +isHidden.swift in Sources */,
				EE02969E2B432108001D60B1 /* DefaultMeditationSessionStyle.swift in Sources */,
				EE2B16792B344BDD00C0A306 /* PromoView.swift in Sources */,
				EEC9F94B2B4084D700214094 /* SectionHeader.swift in Sources */,
				EEC9F9492B406FC800214094 /* MeditationSession.swift in Sources */,
				EEE68EE72B39DC760062243F /* PrivacyPolicyView.swift in Sources */,
				EEC9F9572B409DD500214094 /* AllMeditationSessionsView.swift in Sources */,
				EEC9F9412B4025EB00214094 /* +tabBarBackgroundColor.swift in Sources */,
				EE25F3872B372A5E0090DA3B /* UserStoringManager.swift in Sources */,
				EE0296942B42FE02001D60B1 /* SearchTextField.swift in Sources */,
				EEB1984A2B39BEB5002E8504 /* ForgotPasswordView.swift in Sources */,
				EE2B167A2B344BDD00C0A306 /* PromoViewModel.swift in Sources */,
				EEB1982C2B39A05D002E8504 /* AccountSetupView.swift in Sources */,
				EEB1982D2B39A05D002E8504 /* SignupViewModel.swift in Sources */,
				EEB198332B39BC59002E8504 /* SigninViewModel.swift in Sources */,
				EE2B167F2B34500300C0A306 /* CGFloat+Spacing.swift in Sources */,
				EE32FA942B386AA2009FFB8E /* TextPrimaryButton.swift in Sources */,
				EEC706D32B34953E005915A4 /* TextSecondaryButtton.swift in Sources */,
				EEC9F9442B405D9600214094 /* ClarityAsyncImage.swift in Sources */,
				EE2B166F2B34443B00C0A306 /* AppViewModel.swift in Sources */,
				EEB198422B39BE8E002E8504 /* VerifyAccountview.swift in Sources */,
				EE25F37B2B3713720090DA3B /* User.swift in Sources */,
				EE0296A32B43240D001D60B1 /* TrendingMeditationSessionStyle.swift in Sources */,
				EE235E412B33A2DA00A74271 /* PrimaryButton.swift in Sources */,
				EE066BF32B348F310089AD20 /* PaginationStyle.swift in Sources */,
				EE25F37E2B3715C60090DA3B /* AppRouter.swift in Sources */,
				EE28F9592B4410FA00B99B02 /* BreathingMeditationSection.swift in Sources */,
				EE235E322B3387AE00A74271 /* Strings+Generated.swift in Sources */,
				EEB1983E2B39BDD9002E8504 /* ForgotPasswordViewModel.swift in Sources */,
				EE0664262B3B380200D3D414 /* PrimaryTextField.swift in Sources */,
				EE066BF82B348F9C0089AD20 /* CirclePaginationStyle.swift in Sources */,
				EE0296A12B4322C0001D60B1 /* MeditationDefaultSection.swift in Sources */,
				EEB198482B39BEAB002E8504 /* SigninView.swift in Sources */,
				EE28F95B2B441C8000B99B02 /* +navigationBarBackButtonImage.swift in Sources */,
				EEB198442B39BE9C002E8504 /* VerifyPhoneView.swift in Sources */,
				EEC265F82B3DC81800E10FEE /* UserDefaults.swift in Sources */,
				EEC9F9542B40994B00214094 /* MeditationSessionView.swift in Sources */,
				EE235E0E2B33794900A74271 /* ClarityApp.swift in Sources */,
				EE60CAA22B3DAC3A0078C7D0 /* +setEmailTextFieldState.swift in Sources */,
				EEB1982F2B39A5B8002E8504 /* SocialMediaButton.swift in Sources */,
				EE32FA912B3864F9009FFB8E /* TermsConditionsViewModel.swift in Sources */,
				EE25F3832B371EBE0090DA3B /* HomeView.swift in Sources */,
				EE066BF02B348E350089AD20 /* PaginationView.swift in Sources */,
				EE066BEE2B3471460089AD20 /* PromoImage.swift in Sources */,
				EEE68EE42B39DC580062243F /* TermsView.swift in Sources */,
				EEB198462B39BEA4002E8504 /* VerifyEmailView.swift in Sources */,
				EE32FA8F2B3862E1009FFB8E /* PrimaryToggleStyle.swift in Sources */,
				EE25F38F2B3741D00090DA3B /* TermsConditionsView.swift in Sources */,
				EE28F9572B440F2E00B99B02 /* BreathingMeditationSessionStyle.swift in Sources */,
				EE32FA8C2B385B49009FFB8E /* SecondaryButton.swift in Sources */,
				EE60CA9C2B3DA9E40078C7D0 /* String+isValidPassword.swift in Sources */,
				EE60CAA42B3DB11D0078C7D0 /* +updateSecuredFieldState.swift in Sources */,
				EE0296972B432010001D60B1 /* MeditationSessionCell.swift in Sources */,
				EE066BEB2B34707E0089AD20 /* AsyncImageStyle.swift in Sources */,
				EEBC8F4B2B3C6BE800AF0E38 /* AccountSetupCustomView.swift in Sources */,
				EE2B16732B34497600C0A306 /* +applyPrimaryDesign.swift in Sources */,
				EE066BF62B348F810089AD20 /* CapsulePaginationStyle.swift in Sources */,
			);
			runOnlyForDeploymentPostprocessing = 0;
		};
/* End PBXSourcesBuildPhase section */

/* Begin PBXVariantGroup section */
		EE235E2C2B33871800A74271 /* Localizable.strings */ = {
			isa = PBXVariantGroup;
			children = (
				EE235E2B2B33871800A74271 /* en */,
				EE235E2D2B33871900A74271 /* ar */,
			);
			name = Localizable.strings;
			sourceTree = "<group>";
		};
/* End PBXVariantGroup section */

/* Begin XCBuildConfiguration section */
		EE235E162B33794A00A74271 /* Debug */ = {
			isa = XCBuildConfiguration;
			buildSettings = {
				ALWAYS_SEARCH_USER_PATHS = NO;
				ASSETCATALOG_COMPILER_GENERATE_SWIFT_ASSET_SYMBOL_EXTENSIONS = YES;
				CLANG_ANALYZER_NONNULL = YES;
				CLANG_ANALYZER_NUMBER_OBJECT_CONVERSION = YES_AGGRESSIVE;
				CLANG_CXX_LANGUAGE_STANDARD = "gnu++20";
				CLANG_ENABLE_MODULES = YES;
				CLANG_ENABLE_OBJC_ARC = YES;
				CLANG_ENABLE_OBJC_WEAK = YES;
				CLANG_WARN_BLOCK_CAPTURE_AUTORELEASING = YES;
				CLANG_WARN_BOOL_CONVERSION = YES;
				CLANG_WARN_COMMA = YES;
				CLANG_WARN_CONSTANT_CONVERSION = YES;
				CLANG_WARN_DEPRECATED_OBJC_IMPLEMENTATIONS = YES;
				CLANG_WARN_DIRECT_OBJC_ISA_USAGE = YES_ERROR;
				CLANG_WARN_DOCUMENTATION_COMMENTS = YES;
				CLANG_WARN_EMPTY_BODY = YES;
				CLANG_WARN_ENUM_CONVERSION = YES;
				CLANG_WARN_INFINITE_RECURSION = YES;
				CLANG_WARN_INT_CONVERSION = YES;
				CLANG_WARN_NON_LITERAL_NULL_CONVERSION = YES;
				CLANG_WARN_OBJC_IMPLICIT_RETAIN_SELF = YES;
				CLANG_WARN_OBJC_LITERAL_CONVERSION = YES;
				CLANG_WARN_OBJC_ROOT_CLASS = YES_ERROR;
				CLANG_WARN_QUOTED_INCLUDE_IN_FRAMEWORK_HEADER = YES;
				CLANG_WARN_RANGE_LOOP_ANALYSIS = YES;
				CLANG_WARN_STRICT_PROTOTYPES = YES;
				CLANG_WARN_SUSPICIOUS_MOVE = YES;
				CLANG_WARN_UNGUARDED_AVAILABILITY = YES_AGGRESSIVE;
				CLANG_WARN_UNREACHABLE_CODE = YES;
				CLANG_WARN__DUPLICATE_METHOD_MATCH = YES;
				COPY_PHASE_STRIP = NO;
				DEBUG_INFORMATION_FORMAT = dwarf;
				ENABLE_STRICT_OBJC_MSGSEND = YES;
				ENABLE_TESTABILITY = YES;
				ENABLE_USER_SCRIPT_SANDBOXING = NO;
				GCC_C_LANGUAGE_STANDARD = gnu17;
				GCC_DYNAMIC_NO_PIC = NO;
				GCC_NO_COMMON_BLOCKS = YES;
				GCC_OPTIMIZATION_LEVEL = 0;
				GCC_PREPROCESSOR_DEFINITIONS = (
					"DEBUG=1",
					"$(inherited)",
				);
				GCC_WARN_64_TO_32_BIT_CONVERSION = YES;
				GCC_WARN_ABOUT_RETURN_TYPE = YES_ERROR;
				GCC_WARN_UNDECLARED_SELECTOR = YES;
				GCC_WARN_UNINITIALIZED_AUTOS = YES_AGGRESSIVE;
				GCC_WARN_UNUSED_FUNCTION = YES;
				GCC_WARN_UNUSED_VARIABLE = YES;
				GENERATE_INFOPLIST_FILE = NO;
				IPHONEOS_DEPLOYMENT_TARGET = 16.0;
				LOCALIZATION_PREFERS_STRING_CATALOGS = YES;
				MTL_ENABLE_DEBUG_INFO = INCLUDE_SOURCE;
				MTL_FAST_MATH = YES;
				ONLY_ACTIVE_ARCH = YES;
				SDKROOT = iphoneos;
				SWIFT_ACTIVE_COMPILATION_CONDITIONS = "DEBUG $(inherited)";
				SWIFT_OPTIMIZATION_LEVEL = "-Onone";
			};
			name = Debug;
		};
		EE235E172B33794A00A74271 /* Release */ = {
			isa = XCBuildConfiguration;
			buildSettings = {
				ALWAYS_SEARCH_USER_PATHS = NO;
				ASSETCATALOG_COMPILER_GENERATE_SWIFT_ASSET_SYMBOL_EXTENSIONS = YES;
				CLANG_ANALYZER_NONNULL = YES;
				CLANG_ANALYZER_NUMBER_OBJECT_CONVERSION = YES_AGGRESSIVE;
				CLANG_CXX_LANGUAGE_STANDARD = "gnu++20";
				CLANG_ENABLE_MODULES = YES;
				CLANG_ENABLE_OBJC_ARC = YES;
				CLANG_ENABLE_OBJC_WEAK = YES;
				CLANG_WARN_BLOCK_CAPTURE_AUTORELEASING = YES;
				CLANG_WARN_BOOL_CONVERSION = YES;
				CLANG_WARN_COMMA = YES;
				CLANG_WARN_CONSTANT_CONVERSION = YES;
				CLANG_WARN_DEPRECATED_OBJC_IMPLEMENTATIONS = YES;
				CLANG_WARN_DIRECT_OBJC_ISA_USAGE = YES_ERROR;
				CLANG_WARN_DOCUMENTATION_COMMENTS = YES;
				CLANG_WARN_EMPTY_BODY = YES;
				CLANG_WARN_ENUM_CONVERSION = YES;
				CLANG_WARN_INFINITE_RECURSION = YES;
				CLANG_WARN_INT_CONVERSION = YES;
				CLANG_WARN_NON_LITERAL_NULL_CONVERSION = YES;
				CLANG_WARN_OBJC_IMPLICIT_RETAIN_SELF = YES;
				CLANG_WARN_OBJC_LITERAL_CONVERSION = YES;
				CLANG_WARN_OBJC_ROOT_CLASS = YES_ERROR;
				CLANG_WARN_QUOTED_INCLUDE_IN_FRAMEWORK_HEADER = YES;
				CLANG_WARN_RANGE_LOOP_ANALYSIS = YES;
				CLANG_WARN_STRICT_PROTOTYPES = YES;
				CLANG_WARN_SUSPICIOUS_MOVE = YES;
				CLANG_WARN_UNGUARDED_AVAILABILITY = YES_AGGRESSIVE;
				CLANG_WARN_UNREACHABLE_CODE = YES;
				CLANG_WARN__DUPLICATE_METHOD_MATCH = YES;
				COPY_PHASE_STRIP = NO;
				DEBUG_INFORMATION_FORMAT = "dwarf-with-dsym";
				ENABLE_NS_ASSERTIONS = NO;
				ENABLE_STRICT_OBJC_MSGSEND = YES;
				ENABLE_USER_SCRIPT_SANDBOXING = NO;
				GCC_C_LANGUAGE_STANDARD = gnu17;
				GCC_NO_COMMON_BLOCKS = YES;
				GCC_WARN_64_TO_32_BIT_CONVERSION = YES;
				GCC_WARN_ABOUT_RETURN_TYPE = YES_ERROR;
				GCC_WARN_UNDECLARED_SELECTOR = YES;
				GCC_WARN_UNINITIALIZED_AUTOS = YES_AGGRESSIVE;
				GCC_WARN_UNUSED_FUNCTION = YES;
				GCC_WARN_UNUSED_VARIABLE = YES;
				GENERATE_INFOPLIST_FILE = NO;
				IPHONEOS_DEPLOYMENT_TARGET = 16.0;
				LOCALIZATION_PREFERS_STRING_CATALOGS = YES;
				MTL_ENABLE_DEBUG_INFO = NO;
				MTL_FAST_MATH = YES;
				SDKROOT = iphoneos;
				SWIFT_COMPILATION_MODE = wholemodule;
				VALIDATE_PRODUCT = YES;
			};
			name = Release;
		};
		EE235E192B33794A00A74271 /* Debug */ = {
			isa = XCBuildConfiguration;
			buildSettings = {
				ASSETCATALOG_COMPILER_APPICON_NAME = AppIcon;
				ASSETCATALOG_COMPILER_GLOBAL_ACCENT_COLOR_NAME = AccentColor;
				CODE_SIGN_STYLE = Automatic;
				CURRENT_PROJECT_VERSION = 1;
				DEVELOPMENT_TEAM = 4U8DMJ33ZN;
				ENABLE_PREVIEWS = YES;
				GENERATE_INFOPLIST_FILE = YES;
				INFOPLIST_FILE = Clarity/Info.plist;
				INFOPLIST_KEY_UIApplicationSceneManifest_Generation = YES;
				INFOPLIST_KEY_UIApplicationSupportsIndirectInputEvents = YES;
				INFOPLIST_KEY_UILaunchScreen_Generation = YES;
				INFOPLIST_KEY_UISupportedInterfaceOrientations_iPad = "UIInterfaceOrientationPortrait UIInterfaceOrientationPortraitUpsideDown UIInterfaceOrientationLandscapeLeft UIInterfaceOrientationLandscapeRight";
				INFOPLIST_KEY_UISupportedInterfaceOrientations_iPhone = "UIInterfaceOrientationPortrait UIInterfaceOrientationLandscapeLeft UIInterfaceOrientationLandscapeRight";
				IPHONEOS_DEPLOYMENT_TARGET = 16.0;
				LD_RUNPATH_SEARCH_PATHS = (
					"$(inherited)",
					"@executable_path/Frameworks",
				);
				MARKETING_VERSION = 1.0;
				PRODUCT_BUNDLE_IDENTIFIER = com.yamany.Clarity;
				PRODUCT_NAME = "$(TARGET_NAME)";
				SWIFT_EMIT_LOC_STRINGS = YES;
				SWIFT_VERSION = 5.0;
				TARGETED_DEVICE_FAMILY = "1,2";
			};
			name = Debug;
		};
		EE235E1A2B33794A00A74271 /* Release */ = {
			isa = XCBuildConfiguration;
			buildSettings = {
				ASSETCATALOG_COMPILER_APPICON_NAME = AppIcon;
				ASSETCATALOG_COMPILER_GLOBAL_ACCENT_COLOR_NAME = AccentColor;
				CODE_SIGN_STYLE = Automatic;
				CURRENT_PROJECT_VERSION = 1;
				DEVELOPMENT_TEAM = 4U8DMJ33ZN;
				ENABLE_PREVIEWS = YES;
				GENERATE_INFOPLIST_FILE = YES;
				INFOPLIST_FILE = Clarity/Info.plist;
				INFOPLIST_KEY_UIApplicationSceneManifest_Generation = YES;
				INFOPLIST_KEY_UIApplicationSupportsIndirectInputEvents = YES;
				INFOPLIST_KEY_UILaunchScreen_Generation = YES;
				INFOPLIST_KEY_UISupportedInterfaceOrientations_iPad = "UIInterfaceOrientationPortrait UIInterfaceOrientationPortraitUpsideDown UIInterfaceOrientationLandscapeLeft UIInterfaceOrientationLandscapeRight";
				INFOPLIST_KEY_UISupportedInterfaceOrientations_iPhone = "UIInterfaceOrientationPortrait UIInterfaceOrientationLandscapeLeft UIInterfaceOrientationLandscapeRight";
				IPHONEOS_DEPLOYMENT_TARGET = 16.0;
				LD_RUNPATH_SEARCH_PATHS = (
					"$(inherited)",
					"@executable_path/Frameworks",
				);
				MARKETING_VERSION = 1.0;
				PRODUCT_BUNDLE_IDENTIFIER = com.yamany.Clarity;
				PRODUCT_NAME = "$(TARGET_NAME)";
				SWIFT_EMIT_LOC_STRINGS = YES;
				SWIFT_VERSION = 5.0;
				TARGETED_DEVICE_FAMILY = "1,2";
			};
			name = Release;
		};
/* End XCBuildConfiguration section */

/* Begin XCConfigurationList section */
		EE235E052B33794900A74271 /* Build configuration list for PBXProject "Clarity" */ = {
			isa = XCConfigurationList;
			buildConfigurations = (
				EE235E162B33794A00A74271 /* Debug */,
				EE235E172B33794A00A74271 /* Release */,
			);
			defaultConfigurationIsVisible = 0;
			defaultConfigurationName = Release;
		};
		EE235E182B33794A00A74271 /* Build configuration list for PBXNativeTarget "Clarity" */ = {
			isa = XCConfigurationList;
			buildConfigurations = (
				EE235E192B33794A00A74271 /* Debug */,
				EE235E1A2B33794A00A74271 /* Release */,
			);
			defaultConfigurationIsVisible = 0;
			defaultConfigurationName = Release;
		};
/* End XCConfigurationList section */

/* Begin XCLocalSwiftPackageReference section */
		EE32FA862B3850D0009FFB8E /* XCLocalSwiftPackageReference "Packages/Extensions" */ = {
			isa = XCLocalSwiftPackageReference;
			relativePath = Packages/Extensions;
		};
/* End XCLocalSwiftPackageReference section */
	};
	rootObject = EE235E022B33794900A74271 /* Project object */;
}
